{
  "nodes": {
    "emacsOverlay": {
      "locked": {
        "lastModified": 1608021008,
        "narHash": "sha256-HahBks5Wzg6F3KnmeXI2e2fKBxhuNztXevIAGoq12B8=",
        "owner": "nix-community",
        "repo": "emacs-overlay",
        "rev": "2a8320b5eec2bef40dc2f3e4e0a67ebb79ac38fc",
        "type": "github"
      },
      "original": {
        "owner": "nix-community",
        "repo": "emacs-overlay",
        "type": "github"
      }
    },
    "homeManager": {
      "inputs": {
        "nixpkgs": "nixpkgs"
      },
      "locked": {
        "lastModified": 1607893230,
        "narHash": "sha256-+oU2SORgMlV0WoFFqzJRTE5RPLpO+HDj/Rtb0039VaE=",
        "owner": "nix-community",
        "repo": "home-manager",
        "rev": "708cb61e82bfd957409f71988284cd2099c48d29",
        "type": "github"
      },
      "original": {
        "owner": "nix-community",
        "repo": "home-manager",
        "type": "github"
      }
    },
    "mozillaOverlay": {
      "flake": false,
      "locked": {
        "lastModified": 1603906276,
        "narHash": "sha256-RsNPnEKd7BcogwkqhaV5kI/HuNC4flH/OQCC/4W5y/8=",
        "owner": "mozilla",
        "repo": "nixpkgs-mozilla",
        "rev": "8c007b60731c07dd7a052cce508de3bb1ae849b4",
        "type": "github"
      },
      "original": {
        "owner": "mozilla",
        "repo": "nixpkgs-mozilla",
        "type": "github"
      }
    },
    "nixpkgs": {
      "locked": {
        "lastModified": 1607856232,
        "narHash": "sha256-ABA9dn/R/9bvIRMA31Vc8j3IUe56Q8PD5k3Xq4Q7e+w=",
        "path": "/nix/store/7i36z85bw3vfabzkhcxivkl3bmw2j7jx-source",
        "rev": "b94726217f7cdc02ddf277b65553762d520da196",
        "type": "path"
      },
      "original": {
        "id": "nixpkgs",
        "type": "indirect"
      }
    },
    "nixpkgs2009": {
      "locked": {
        "lastModified": 1607856232,
        "narHash": "sha256-ABA9dn/R/9bvIRMA31Vc8j3IUe56Q8PD5k3Xq4Q7e+w=",
        "owner": "nixos",
        "repo": "nixpkgs",
        "rev": "b94726217f7cdc02ddf277b65553762d520da196",
        "type": "github"
      },
      "original": {
        "owner": "nixos",
        "ref": "nixos-20.09",
        "repo": "nixpkgs",
        "type": "github"
      }
    },
    "nixpkgsUnstable": {
      "locked": {
        "lastModified": 1607522989,
        "narHash": "sha256-o/jWhOSAlaK7y2M57OIriRt6whuVVocS/T0mG7fd1TI=",
        "owner": "nixos",
        "repo": "nixpkgs",
        "rev": "e9158eca70ae59e73fae23be5d13d3fa0cfc78b4",
        "type": "github"
      },
      "original": {
        "owner": "nixos",
        "ref": "nixos-unstable",
        "repo": "nixpkgs",
        "type": "github"
      }
    },
    "root": {
      "inputs": {
        "emacsOverlay": "emacsOverlay",
        "homeManager": "homeManager",
        "mozillaOverlay": "mozillaOverlay",
        "nixpkgs2009": "nixpkgs2009",
        "nixpkgsUnstable": "nixpkgsUnstable"
      }
    }
  },
  "root": "root",
  "version": 7
}
